// !$*UTF8*$!
{
	archiveVersion = 1;
	classes = {
	};
	objectVersion = 50;
	objects = {

/* Begin PBXBuildFile section */
		060BA2C6217B0C5500E0FC77 /* AppDelegate.swift in Sources */ = {isa = PBXBuildFile; fileRef = 060BA2C5217B0C5500E0FC77 /* AppDelegate.swift */; };
		060BA2C8217B0C5500E0FC77 /* ViewController.swift in Sources */ = {isa = PBXBuildFile; fileRef = 060BA2C7217B0C5500E0FC77 /* ViewController.swift */; };
		060BA2CB217B0C5500E0FC77 /* Main.storyboard in Resources */ = {isa = PBXBuildFile; fileRef = 060BA2C9217B0C5500E0FC77 /* Main.storyboard */; };
		060BA2CD217B0C5700E0FC77 /* Assets.xcassets in Resources */ = {isa = PBXBuildFile; fileRef = 060BA2CC217B0C5700E0FC77 /* Assets.xcassets */; };
		060BA2D0217B0C5700E0FC77 /* LaunchScreen.storyboard in Resources */ = {isa = PBXBuildFile; fileRef = 060BA2CE217B0C5700E0FC77 /* LaunchScreen.storyboard */; };
		060BA2DB217B0C5700E0FC77 /* FlashCardsTests.swift in Sources */ = {isa = PBXBuildFile; fileRef = 060BA2DA217B0C5700E0FC77 /* FlashCardsTests.swift */; };
		060BA2E6217B0C5700E0FC77 /* FlashCardsUITests.swift in Sources */ = {isa = PBXBuildFile; fileRef = 060BA2E5217B0C5700E0FC77 /* FlashCardsUITests.swift */; };
/* End PBXBuildFile section */

/* Begin PBXContainerItemProxy section */
		060BA2D7217B0C5700E0FC77 /* PBXContainerItemProxy */ = {
			isa = PBXContainerItemProxy;
			containerPortal = 060BA2BA217B0C5400E0FC77 /* Project object */;
			proxyType = 1;
			remoteGlobalIDString = 060BA2C1217B0C5400E0FC77;
			remoteInfo = FlashCards;
		};
		060BA2E2217B0C5700E0FC77 /* PBXContainerItemProxy */ = {
			isa = PBXContainerItemProxy;
			containerPortal = 060BA2BA217B0C5400E0FC77 /* Project object */;
			proxyType = 1;
			remoteGlobalIDString = 060BA2C1217B0C5400E0FC77;
			remoteInfo = FlashCards;
		};
/* End PBXContainerItemProxy section */

/* Begin PBXFileReference section */
		060BA2C2217B0C5400E0FC77 /* FlashCards.app */ = {isa = PBXFileReference; explicitFileType = wrapper.application; includeInIndex = 0; path = FlashCards.app; sourceTree = BUILT_PRODUCTS_DIR; };
		060BA2C5217B0C5500E0FC77 /* AppDelegate.swift */ = {isa = PBXFileReference; lastKnownFileType = sourcecode.swift; path = AppDelegate.swift; sourceTree = "<group>"; };
		060BA2C7217B0C5500E0FC77 /* ViewController.swift */ = {isa = PBXFileReference; lastKnownFileType = sourcecode.swift; path = ViewController.swift; sourceTree = "<group>"; };
		060BA2CA217B0C5500E0FC77 /* Base */ = {isa = PBXFileReference; lastKnownFileType = file.storyboard; name = Base; path = Base.lproj/Main.storyboard; sourceTree = "<group>"; };
		060BA2CC217B0C5700E0FC77 /* Assets.xcassets */ = {isa = PBXFileReference; lastKnownFileType = folder.assetcatalog; path = Assets.xcassets; sourceTree = "<group>"; };
		060BA2CF217B0C5700E0FC77 /* Base */ = {isa = PBXFileReference; lastKnownFileType = file.storyboard; name = Base; path = Base.lproj/LaunchScreen.storyboard; sourceTree = "<group>"; };
		060BA2D1217B0C5700E0FC77 /* Info.plist */ = {isa = PBXFileReference; lastKnownFileType = text.plist.xml; path = Info.plist; sourceTree = "<group>"; };
		060BA2D6217B0C5700E0FC77 /* FlashCardsTests.xctest */ = {isa = PBXFileReference; explicitFileType = wrapper.cfbundle; includeInIndex = 0; path = FlashCardsTests.xctest; sourceTree = BUILT_PRODUCTS_DIR; };
		060BA2DA217B0C5700E0FC77 /* FlashCardsTests.swift */ = {isa = PBXFileReference; lastKnownFileType = sourcecode.swift; path = FlashCardsTests.swift; sourceTree = "<group>"; };
		060BA2DC217B0C5700E0FC77 /* Info.plist */ = {isa = PBXFileReference; lastKnownFileType = text.plist.xml; path = Info.plist; sourceTree = "<group>"; };
		060BA2E1217B0C5700E0FC77 /* FlashCardsUITests.xctest */ = {isa = PBXFileReference; explicitFileType = wrapper.cfbundle; includeInIndex = 0; path = FlashCardsUITests.xctest; sourceTree = BUILT_PRODUCTS_DIR; };
		060BA2E5217B0C5700E0FC77 /* FlashCardsUITests.swift */ = {isa = PBXFileReference; lastKnownFileType = sourcecode.swift; path = FlashCardsUITests.swift; sourceTree = "<group>"; };
		060BA2E7217B0C5700E0FC77 /* Info.plist */ = {isa = PBXFileReference; lastKnownFileType = text.plist.xml; path = Info.plist; sourceTree = "<group>"; };
/* End PBXFileReference section */

/* Begin PBXFrameworksBuildPhase section */
		060BA2BF217B0C5400E0FC77 /* Frameworks */ = {
			isa = PBXFrameworksBuildPhase;
			buildActionMask = 2147483647;
			files = (
			);
			runOnlyForDeploymentPostprocessing = 0;
		};
		060BA2D3217B0C5700E0FC77 /* Frameworks */ = {
			isa = PBXFrameworksBuildPhase;
			buildActionMask = 2147483647;
			files = (
			);
			runOnlyForDeploymentPostprocessing = 0;
		};
		060BA2DE217B0C5700E0FC77 /* Frameworks */ = {
			isa = PBXFrameworksBuildPhase;
			buildActionMask = 2147483647;
			files = (
			);
			runOnlyForDeploymentPostprocessing = 0;
		};
/* End PBXFrameworksBuildPhase section */

/* Begin PBXGroup section */
		060BA2B9217B0C5400E0FC77 = {
			isa = PBXGroup;
			children = (
				060BA2C4217B0C5400E0FC77 /* FlashCards */,
				060BA2D9217B0C5700E0FC77 /* FlashCardsTests */,
				060BA2E4217B0C5700E0FC77 /* FlashCardsUITests */,
				060BA2C3217B0C5400E0FC77 /* Products */,
			);
			sourceTree = "<group>";
		};
		060BA2C3217B0C5400E0FC77 /* Products */ = {
			isa = PBXGroup;
			children = (
				060BA2C2217B0C5400E0FC77 /* FlashCards.app */,
				060BA2D6217B0C5700E0FC77 /* FlashCardsTests.xctest */,
				060BA2E1217B0C5700E0FC77 /* FlashCardsUITests.xctest */,
			);
			name = Products;
			sourceTree = "<group>";
		};
		060BA2C4217B0C5400E0FC77 /* FlashCards */ = {
			isa = PBXGroup;
			children = (
				060BA2C5217B0C5500E0FC77 /* AppDelegate.swift */,
				060BA2C7217B0C5500E0FC77 /* ViewController.swift */,
				060BA2C9217B0C5500E0FC77 /* Main.storyboard */,
				060BA2CC217B0C5700E0FC77 /* Assets.xcassets */,
				060BA2CE217B0C5700E0FC77 /* LaunchScreen.storyboard */,
				060BA2D1217B0C5700E0FC77 /* Info.plist */,
			);
			path = FlashCards;
			sourceTree = "<group>";
		};
		060BA2D9217B0C5700E0FC77 /* FlashCardsTests */ = {
			isa = PBXGroup;
			children = (
				060BA2DA217B0C5700E0FC77 /* FlashCardsTests.swift */,
				060BA2DC217B0C5700E0FC77 /* Info.plist */,
			);
			path = FlashCardsTests;
			sourceTree = "<group>";
		};
		060BA2E4217B0C5700E0FC77 /* FlashCardsUITests */ = {
			isa = PBXGroup;
			children = (
				060BA2E5217B0C5700E0FC77 /* FlashCardsUITests.swift */,
				060BA2E7217B0C5700E0FC77 /* Info.plist */,
			);
			path = FlashCardsUITests;
			sourceTree = "<group>";
		};
/* End PBXGroup section */

/* Begin PBXNativeTarget section */
		060BA2C1217B0C5400E0FC77 /* FlashCards */ = {
			isa = PBXNativeTarget;
			buildConfigurationList = 060BA2EA217B0C5700E0FC77 /* Build configuration list for PBXNativeTarget "FlashCards" */;
			buildPhases = (
				060BA2BE217B0C5400E0FC77 /* Sources */,
				060BA2BF217B0C5400E0FC77 /* Frameworks */,
				060BA2C0217B0C5400E0FC77 /* Resources */,
			);
			buildRules = (
			);
			dependencies = (
			);
			name = FlashCards;
			productName = FlashCards;
			productReference = 060BA2C2217B0C5400E0FC77 /* FlashCards.app */;
			productType = "com.apple.product-type.application";
		};
		060BA2D5217B0C5700E0FC77 /* FlashCardsTests */ = {
			isa = PBXNativeTarget;
			buildConfigurationList = 060BA2ED217B0C5700E0FC77 /* Build configuration list for PBXNativeTarget "FlashCardsTests" */;
			buildPhases = (
				060BA2D2217B0C5700E0FC77 /* Sources */,
				060BA2D3217B0C5700E0FC77 /* Frameworks */,
				060BA2D4217B0C5700E0FC77 /* Resources */,
			);
			buildRules = (
			);
			dependencies = (
				060BA2D8217B0C5700E0FC77 /* PBXTargetDependency */,
			);
			name = FlashCardsTests;
			productName = FlashCardsTests;
			productReference = 060BA2D6217B0C5700E0FC77 /* FlashCardsTests.xctest */;
			productType = "com.apple.product-type.bundle.unit-test";
		};
		060BA2E0217B0C5700E0FC77 /* FlashCardsUITests */ = {
			isa = PBXNativeTarget;
			buildConfigurationList = 060BA2F0217B0C5700E0FC77 /* Build configuration list for PBXNativeTarget "FlashCardsUITests" */;
			buildPhases = (
				060BA2DD217B0C5700E0FC77 /* Sources */,
				060BA2DE217B0C5700E0FC77 /* Frameworks */,
				060BA2DF217B0C5700E0FC77 /* Resources */,
			);
			buildRules = (
			);
			dependencies = (
				060BA2E3217B0C5700E0FC77 /* PBXTargetDependency */,
			);
			name = FlashCardsUITests;
			productName = FlashCardsUITests;
			productReference = 060BA2E1217B0C5700E0FC77 /* FlashCardsUITests.xctest */;
			productType = "com.apple.product-type.bundle.ui-testing";
		};
/* End PBXNativeTarget section */

/* Begin PBXProject section */
		060BA2BA217B0C5400E0FC77 /* Project object */ = {
			isa = PBXProject;
			attributes = {
				LastSwiftUpdateCheck = 1000;
				LastUpgradeCheck = 1000;
				ORGANIZATIONNAME = Lykos;
				TargetAttributes = {
					060BA2C1217B0C5400E0FC77 = {
						CreatedOnToolsVersion = 10.0;
					};
					060BA2D5217B0C5700E0FC77 = {
						CreatedOnToolsVersion = 10.0;
						TestTargetID = 060BA2C1217B0C5400E0FC77;
					};
					060BA2E0217B0C5700E0FC77 = {
						CreatedOnToolsVersion = 10.0;
						TestTargetID = 060BA2C1217B0C5400E0FC77;
					};
				};
			};
			buildConfigurationList = 060BA2BD217B0C5400E0FC77 /* Build configuration list for PBXProject "FlashCards" */;
			compatibilityVersion = "Xcode 9.3";
			developmentRegion = en;
			hasScannedForEncodings = 0;
			knownRegions = (
				en,
				Base,
			);
			mainGroup = 060BA2B9217B0C5400E0FC77;
			productRefGroup = 060BA2C3217B0C5400E0FC77 /* Products */;
			projectDirPath = "";
			projectRoot = "";
			targets = (
				060BA2C1217B0C5400E0FC77 /* FlashCards */,
				060BA2D5217B0C5700E0FC77 /* FlashCardsTests */,
				060BA2E0217B0C5700E0FC77 /* FlashCardsUITests */,
			);
		};
/* End PBXProject section */

/* Begin PBXResourcesBuildPhase section */
		060BA2C0217B0C5400E0FC77 /* Resources */ = {
			isa = PBXResourcesBuildPhase;
			buildActionMask = 2147483647;
			files = (
				060BA2D0217B0C5700E0FC77 /* LaunchScreen.storyboard in Resources */,
				060BA2CD217B0C5700E0FC77 /* Assets.xcassets in Resources */,
				060BA2CB217B0C5500E0FC77 /* Main.storyboard in Resources */,
			);
			runOnlyForDeploymentPostprocessing = 0;
		};
		060BA2D4217B0C5700E0FC77 /* Resources */ = {
			isa = PBXResourcesBuildPhase;
			buildActionMask = 2147483647;
			files = (
			);
			runOnlyForDeploymentPostprocessing = 0;
		};
		060BA2DF217B0C5700E0FC77 /* Resources */ = {
			isa = PBXResourcesBuildPhase;
			buildActionMask = 2147483647;
			files = (
			);
			runOnlyForDeploymentPostprocessing = 0;
		};
/* End PBXResourcesBuildPhase section */

/* Begin PBXSourcesBuildPhase section */
		060BA2BE217B0C5400E0FC77 /* Sources */ = {
			isa = PBXSourcesBuildPhase;
			buildActionMask = 2147483647;
			files = (
				060BA2C8217B0C5500E0FC77 /* ViewController.swift in Sources */,
				060BA2C6217B0C5500E0FC77 /* AppDelegate.swift in Sources */,
			);
			runOnlyForDeploymentPostprocessing = 0;
		};
		060BA2D2217B0C5700E0FC77 /* Sources */ = {
			isa = PBXSourcesBuildPhase;
			buildActionMask = 2147483647;
			files = (
				060BA2DB217B0C5700E0FC77 /* FlashCardsTests.swift in Sources */,
			);
			runOnlyForDeploymentPostprocessing = 0;
		};
		060BA2DD217B0C5700E0FC77 /* Sources */ = {
			isa = PBXSourcesBuildPhase;
			buildActionMask = 2147483647;
			files = (
				060BA2E6217B0C5700E0FC77 /* FlashCardsUITests.swift in Sources */,
			);
			runOnlyForDeploymentPostprocessing = 0;
		};
/* End PBXSourcesBuildPhase section */

/* Begin PBXTargetDependency section */
		060BA2D8217B0C5700E0FC77 /* PBXTargetDependency */ = {
			isa = PBXTargetDependency;
			target = 060BA2C1217B0C5400E0FC77 /* FlashCards */;
			targetProxy = 060BA2D7217B0C5700E0FC77 /* PBXContainerItemProxy */;
		};
		060BA2E3217B0C5700E0FC77 /* PBXTargetDependency */ = {
			isa = PBXTargetDependency;
			target = 060BA2C1217B0C5400E0FC77 /* FlashCards */;
			targetProxy = 060BA2E2217B0C5700E0FC77 /* PBXContainerItemProxy */;
		};
/* End PBXTargetDependency section */

/* Begin PBXVariantGroup section */
		060BA2C9217B0C5500E0FC77 /* Main.storyboard */ = {
			isa = PBXVariantGroup;
			children = (
				060BA2CA217B0C5500E0FC77 /* Base */,
			);
			name = Main.storyboard;
			sourceTree = "<group>";
		};
		060BA2CE217B0C5700E0FC77 /* LaunchScreen.storyboard */ = {
			isa = PBXVariantGroup;
			children = (
				060BA2CF217B0C5700E0FC77 /* Base */,
			);
			name = LaunchScreen.storyboard;
			sourceTree = "<group>";
		};
/* End PBXVariantGroup section */

/* Begin XCBuildConfiguration section */
		060BA2E8217B0C5700E0FC77 /* Debug */ = {
			isa = XCBuildConfiguration;
			buildSettings = {
				ALWAYS_SEARCH_USER_PATHS = NO;
				CLANG_ANALYZER_NONNULL = YES;
				CLANG_ANALYZER_NUMBER_OBJECT_CONVERSION = YES_AGGRESSIVE;
				CLANG_CXX_LANGUAGE_STANDARD = "gnu++14";
				CLANG_CXX_LIBRARY = "libc++";
				CLANG_ENABLE_MODULES = YES;
				CLANG_ENABLE_OBJC_ARC = YES;
				CLANG_ENABLE_OBJC_WEAK = YES;
				CLANG_WARN_BLOCK_CAPTURE_AUTORELEASING = YES;
				CLANG_WARN_BOOL_CONVERSION = YES;
				CLANG_WARN_COMMA = YES;
				CLANG_WARN_CONSTANT_CONVERSION = YES;
				CLANG_WARN_DEPRECATED_OBJC_IMPLEMENTATIONS = YES;
				CLANG_WARN_DIRECT_OBJC_ISA_USAGE = YES_ERROR;
				CLANG_WARN_DOCUMENTATION_COMMENTS = YES;
				CLANG_WARN_EMPTY_BODY = YES;
				CLANG_WARN_ENUM_CONVERSION = YES;
				CLANG_WARN_INFINITE_RECURSION = YES;
				CLANG_WARN_INT_CONVERSION = YES;
				CLANG_WARN_NON_LITERAL_NULL_CONVERSION = YES;
				CLANG_WARN_OBJC_IMPLICIT_RETAIN_SELF = YES;
				CLANG_WARN_OBJC_LITERAL_CONVERSION = YES;
				CLANG_WARN_OBJC_ROOT_CLASS = YES_ERROR;
				CLANG_WARN_RANGE_LOOP_ANALYSIS = YES;
				CLANG_WARN_STRICT_PROTOTYPES = YES;
				CLANG_WARN_SUSPICIOUS_MOVE = YES;
				CLANG_WARN_UNGUARDED_AVAILABILITY = YES_AGGRESSIVE;
				CLANG_WARN_UNREACHABLE_CODE = YES;
				CLANG_WARN__DUPLICATE_METHOD_MATCH = YES;
				CODE_SIGN_IDENTITY = "iPhone Developer";
				COPY_PHASE_STRIP = NO;
				DEBUG_INFORMATION_FORMAT = dwarf;
				ENABLE_STRICT_OBJC_MSGSEND = YES;
				ENABLE_TESTABILITY = YES;
				GCC_C_LANGUAGE_STANDARD = gnu11;
				GCC_DYNAMIC_NO_PIC = NO;
				GCC_NO_COMMON_BLOCKS = YES;
				GCC_OPTIMIZATION_LEVEL = 0;
				GCC_PREPROCESSOR_DEFINITIONS = (
					"DEBUG=1",
					"$(inherited)",
				);
				GCC_WARN_64_TO_32_BIT_CONVERSION = YES;
				GCC_WARN_ABOUT_RETURN_TYPE = YES_ERROR;
				GCC_WARN_UNDECLARED_SELECTOR = YES;
				GCC_WARN_UNINITIALIZED_AUTOS = YES_AGGRESSIVE;
				GCC_WARN_UNUSED_FUNCTION = YES;
				GCC_WARN_UNUSED_VARIABLE = YES;
				IPHONEOS_DEPLOYMENT_TARGET = 12.0;
				MTL_ENABLE_DEBUG_INFO = INCLUDE_SOURCE;
				MTL_FAST_MATH = YES;
				ONLY_ACTIVE_ARCH = YES;
				SDKROOT = iphoneos;
				SWIFT_ACTIVE_COMPILATION_CONDITIONS = DEBUG;
				SWIFT_OPTIMIZATION_LEVEL = "-Onone";
			};
			name = Debug;
		};
		060BA2E9217B0C5700E0FC77 /* Release */ = {
			isa = XCBuildConfiguration;
			buildSettings = {
				ALWAYS_SEARCH_USER_PATHS = NO;
				CLANG_ANALYZER_NONNULL = YES;
				CLANG_ANALYZER_NUMBER_OBJECT_CONVERSION = YES_AGGRESSIVE;
				CLANG_CXX_LANGUAGE_STANDARD = "gnu++14";
				CLANG_CXX_LIBRARY = "libc++";
				CLANG_ENABLE_MODULES = YES;
				CLANG_ENABLE_OBJC_ARC = YES;
				CLANG_ENABLE_OBJC_WEAK = YES;
				CLANG_WARN_BLOCK_CAPTURE_AUTORELEASING = YES;
				CLANG_WARN_BOOL_CONVERSION = YES;
				CLANG_WARN_COMMA = YES;
				CLANG_WARN_CONSTANT_CONVERSION = YES;
				CLANG_WARN_DEPRECATED_OBJC_IMPLEMENTATIONS = YES;
				CLANG_WARN_DIRECT_OBJC_ISA_USAGE = YES_ERROR;
				CLANG_WARN_DOCUMENTATION_COMMENTS = YES;
				CLANG_WARN_EMPTY_BODY = YES;
				CLANG_WARN_ENUM_CONVERSION = YES;
				CLANG_WARN_INFINITE_RECURSION = YES;
				CLANG_WARN_INT_CONVERSION = YES;
				CLANG_WARN_NON_LITERAL_NULL_CONVERSION = YES;
				CLANG_WARN_OBJC_IMPLICIT_RETAIN_SELF = YES;
				CLANG_WARN_OBJC_LITERAL_CONVERSION = YES;
				CLANG_WARN_OBJC_ROOT_CLASS = YES_ERROR;
				CLANG_WARN_RANGE_LOOP_ANALYSIS = YES;
				CLANG_WARN_STRICT_PROTOTYPES = YES;
				CLANG_WARN_SUSPICIOUS_MOVE = YES;
				CLANG_WARN_UNGUARDED_AVAILABILITY = YES_AGGRESSIVE;
				CLANG_WARN_UNREACHABLE_CODE = YES;
				CLANG_WARN__DUPLICATE_METHOD_MATCH = YES;
				CODE_SIGN_IDENTITY = "iPhone Developer";
				COPY_PHASE_STRIP = NO;
				DEBUG_INFORMATION_FORMAT = "dwarf-with-dsym";
				ENABLE_NS_ASSERTIONS = NO;
				ENABLE_STRICT_OBJC_MSGSEND = YES;
				GCC_C_LANGUAGE_STANDARD = gnu11;
				GCC_NO_COMMON_BLOCKS = YES;
				GCC_WARN_64_TO_32_BIT_CONVERSION = YES;
				GCC_WARN_ABOUT_RETURN_TYPE = YES_ERROR;
				GCC_WARN_UNDECLARED_SELECTOR = YES;
				GCC_WARN_UNINITIALIZED_AUTOS = YES_AGGRESSIVE;
				GCC_WARN_UNUSED_FUNCTION = YES;
				GCC_WARN_UNUSED_VARIABLE = YES;
				IPHONEOS_DEPLOYMENT_TARGET = 12.0;
				MTL_ENABLE_DEBUG_INFO = NO;
				MTL_FAST_MATH = YES;
				SDKROOT = iphoneos;
				SWIFT_COMPILATION_MODE = wholemodule;
				SWIFT_OPTIMIZATION_LEVEL = "-O";
				VALIDATE_PRODUCT = YES;
			};
			name = Release;
		};
		060BA2EB217B0C5700E0FC77 /* Debug */ = {
			isa = XCBuildConfiguration;
			buildSettings = {
				ASSETCATALOG_COMPILER_APPICON_NAME = AppIcon;
				CODE_SIGN_STYLE = Automatic;
				INFOPLIST_FILE = FlashCards/Info.plist;
				LD_RUNPATH_SEARCH_PATHS = (
					"$(inherited)",
					"@executable_path/Frameworks",
				);
				PRODUCT_BUNDLE_IDENTIFIER = com.Lykos.FlashCards;
				PRODUCT_NAME = "$(TARGET_NAME)";
				SWIFT_VERSION = 4.2;
				TARGETED_DEVICE_FAMILY = "1,2";
			};
			name = Debug;
		};
		060BA2EC217B0C5700E0FC77 /* Release */ = {
			isa = XCBuildConfiguration;
			buildSettings = {
				ASSETCATALOG_COMPILER_APPICON_NAME = AppIcon;
				CODE_SIGN_STYLE = Automatic;
				INFOPLIST_FILE = FlashCards/Info.plist;
				LD_RUNPATH_SEARCH_PATHS = (
					"$(inherited)",
					"@executable_path/Frameworks",
				);
				PRODUCT_BUNDLE_IDENTIFIER = com.Lykos.FlashCards;
				PRODUCT_NAME = "$(TARGET_NAME)";
				SWIFT_VERSION = 4.2;
				TARGETED_DEVICE_FAMILY = "1,2";
			};
			name = Release;
		};
		060BA2EE217B0C5700E0FC77 /* Debug */ = {
			isa = XCBuildConfiguration;
			buildSettings = {
				ALWAYS_EMBED_SWIFT_STANDARD_LIBRARIES = YES;
				BUNDLE_LOADER = "$(TEST_HOST)";
				CODE_SIGN_STYLE = Automatic;
				INFOPLIST_FILE = FlashCardsTests/Info.plist;
				LD_RUNPATH_SEARCH_PATHS = (
					"$(inherited)",
					"@executable_path/Frameworks",
					"@loader_path/Frameworks",
				);
				PRODUCT_BUNDLE_IDENTIFIER = com.Lykos.FlashCardsTests;
				PRODUCT_NAME = "$(TARGET_NAME)";
				SWIFT_VERSION = 4.2;
				TARGETED_DEVICE_FAMILY = "1,2";
				TEST_HOST = "$(BUILT_PRODUCTS_DIR)/FlashCards.app/FlashCards";
			};
			name = Debug;
		};
		060BA2EF217B0C5700E0FC77 /* Release */ = {
			isa = XCBuildConfiguration;
			buildSettings = {
				ALWAYS_EMBED_SWIFT_STANDARD_LIBRARIES = YES;
				BUNDLE_LOADER = "$(TEST_HOST)";
				CODE_SIGN_STYLE = Automatic;
				INFOPLIST_FILE = FlashCardsTests/Info.plist;
				LD_RUNPATH_SEARCH_PATHS = (
					"$(inherited)",
					"@executable_path/Frameworks",
					"@loader_path/Frameworks",
				);
				PRODUCT_BUNDLE_IDENTIFIER = com.Lykos.FlashCardsTests;
				PRODUCT_NAME = "$(TARGET_NAME)";
				SWIFT_VERSION = 4.2;
				TARGETED_DEVICE_FAMILY = "1,2";
				TEST_HOST = "$(BUILT_PRODUCTS_DIR)/FlashCards.app/FlashCards";
			};
			name = Release;
		};
		060BA2F1217B0C5700E0FC77 /* Debug */ = {
			isa = XCBuildConfiguration;
			buildSettings = {
				ALWAYS_EMBED_SWIFT_STANDARD_LIBRARIES = YES;
				CODE_SIGN_STYLE = Automatic;
				INFOPLIST_FILE = FlashCardsUITests/Info.plist;
				LD_RUNPATH_SEARCH_PATHS = (
					"$(inherited)",
					"@executable_path/Frameworks",
					"@loader_path/Frameworks",
				);
				PRODUCT_BUNDLE_IDENTIFIER = com.Lykos.FlashCardsUITests;
				PRODUCT_NAME = "$(TARGET_NAME)";
				SWIFT_VERSION = 4.2;
				TARGETED_DEVICE_FAMILY = "1,2";
				TEST_TARGET_NAME = FlashCards;
			};
			name = Debug;
		};
		060BA2F2217B0C5700E0FC77 /* Release */ = {
			isa = XCBuildConfiguration;
			buildSettings = {
				ALWAYS_EMBED_SWIFT_STANDARD_LIBRARIES = YES;
				CODE_SIGN_STYLE = Automatic;
				INFOPLIST_FILE = FlashCardsUITests/Info.plist;
				LD_RUNPATH_SEARCH_PATHS = (
					"$(inherited)",
					"@executable_path/Frameworks",
					"@loader_path/Frameworks",
				);
				PRODUCT_BUNDLE_IDENTIFIER = com.Lykos.FlashCardsUITests;
				PRODUCT_NAME = "$(TARGET_NAME)";
				SWIFT_VERSION = 4.2;
				TARGETED_DEVICE_FAMILY = "1,2";
				TEST_TARGET_NAME = FlashCards;
			};
			name = Release;
		};
/* End XCBuildConfiguration section */

/* Begin XCConfigurationList section */
		060BA2BD217B0C5400E0FC77 /* Build configuration list for PBXProject "FlashCards" */ = {
			isa = XCConfigurationList;
			buildConfigurations = (
				060BA2E8217B0C5700E0FC77 /* Debug */,
				060BA2E9217B0C5700E0FC77 /* Release */,
			);
			defaultConfigurationIsVisible = 0;
			defaultConfigurationName = Release;
		};
		060BA2EA217B0C5700E0FC77 /* Build configuration list for PBXNativeTarget "FlashCards" */ = {
			isa = XCConfigurationList;
			buildConfigurations = (
				060BA2EB217B0C5700E0FC77 /* Debug */,
				060BA2EC217B0C5700E0FC77 /* Release */,
			);
			defaultConfigurationIsVisible = 0;
			defaultConfigurationName = Release;
		};
		060BA2ED217B0C5700E0FC77 /* Build configuration list for PBXNativeTarget "FlashCardsTests" */ = {
			isa = XCConfigurationList;
			buildConfigurations = (
				060BA2EE217B0C5700E0FC77 /* Debug */,
				060BA2EF217B0C5700E0FC77 /* Release */,
			);
			defaultConfigurationIsVisible = 0;
			defaultConfigurationName = Release;
		};
		060BA2F0217B0C5700E0FC77 /* Build configuration list for PBXNativeTarget "FlashCardsUITests" */ = {
			isa = XCConfigurationList;
			buildConfigurations = (
				060BA2F1217B0C5700E0FC77 /* Debug */,
				060BA2F2217B0C5700E0FC77 /* Release */,
			);
			defaultConfigurationIsVisible = 0;
			defaultConfigurationName = Release;
		};
/* End XCConfigurationList section */
	};
	rootObject = 060BA2BA217B0C5400E0FC77 /* Project object */;
}
